
Microsoft Visual Studio Solution File, Format Version 12.00
# Visual Studio Version 17
VisualStudioVersion = 17.2.32505.173
MinimumVisualStudioVersion = 10.0.40219.1
Project("{8BC9CEB8-8B4A-11D0-8D11-00A0C91BC942}") = "3.3a oop", "3.3a oop\3.3a oop.vcxproj", "{BB26FAB1-418B-4962-AE8D-85F5FC162ECE}"
EndProject
Project("{8BC9CEB8-8B4A-11D0-8D11-00A0C91BC942}") = "UnitTest1", "UnitTest1\UnitTest1.vcxproj", "{D0AD6FE1-DC48-46F3-95D8-00565DB91828}"
EndProject
Global
	GlobalSection(SolutionConfigurationPlatforms) = preSolution
		Debug|x64 = Debug|x64
		Debug|x86 = Debug|x86
		Release|x64 = Release|x64
		Release|x86 = Release|x86
	EndGlobalSection
	GlobalSection(ProjectConfigurationPlatforms) = postSolution
		{BB26FAB1-418B-4962-AE8D-85F5FC162ECE}.Debug|x64.ActiveCfg = Debug|x64
		{BB26FAB1-418B-4962-AE8D-85F5FC162ECE}.Debug|x64.Build.0 = Debug|x64
		{BB26FAB1-418B-4962-AE8D-85F5FC162ECE}.Debug|x86.ActiveCfg = Debug|Win32
		{BB26FAB1-418B-4962-AE8D-85F5FC162ECE}.Debug|x86.Build.0 = Debug|Win32
		{BB26FAB1-418B-4962-AE8D-85F5FC162ECE}.Release|x64.ActiveCfg = Release|x64
		{BB26FAB1-418B-4962-AE8D-85F5FC162ECE}.Release|x64.Build.0 = Release|x64
		{BB26FAB1-418B-4962-AE8D-85F5FC162ECE}.Release|x86.ActiveCfg = Release|Win32
		{BB26FAB1-418B-4962-AE8D-85F5FC162ECE}.Release|x86.Build.0 = Release|Win32
		{D0AD6FE1-DC48-46F3-95D8-00565DB91828}.Debug|x64.ActiveCfg = Debug|x64
		{D0AD6FE1-DC48-46F3-95D8-00565DB91828}.Debug|x64.Build.0 = Debug|x64
		{D0AD6FE1-DC48-46F3-95D8-00565DB91828}.Debug|x86.ActiveCfg = Debug|Win32
		{D0AD6FE1-DC48-46F3-95D8-00565DB91828}.Debug|x86.Build.0 = Debug|Win32
		{D0AD6FE1-DC48-46F3-95D8-00565DB91828}.Release|x64.ActiveCfg = Release|x64
		{D0AD6FE1-DC48-46F3-95D8-00565DB91828}.Release|x64.Build.0 = Release|x64
		{D0AD6FE1-DC48-46F3-95D8-00565DB91828}.Release|x86.ActiveCfg = Release|Win32
		{D0AD6FE1-DC48-46F3-95D8-00565DB91828}.Release|x86.Build.0 = Release|Win32
	EndGlobalSection
	GlobalSection(SolutionProperties) = preSolution
		HideSolutionNode = FALSE
	EndGlobalSection
	GlobalSection(ExtensibilityGlobals) = postSolution
		SolutionGuid = {472AE56A-E6ED-4C97-B289-B753575C9F0B}
	EndGlobalSection
EndGlobal
